
Microsoft Visual Studio Solution File, Format Version 12.00
# Visual Studio Version 17
VisualStudioVersion = 17.0.32112.339
MinimumVisualStudioVersion = 10.0.40219.1
Project("{888888A0-9F3D-457C-B088-3A5042F75D52}") = "Exc6", "Exc6.pyproj", "{5DC8A201-DF2E-48B5-B3EF-D1EE1A4931AB}"
EndProject
Global
	GlobalSection(SolutionConfigurationPlatforms) = preSolution
		Debug|Any CPU = Debug|Any CPU
		Release|Any CPU = Release|Any CPU
	EndGlobalSection
	GlobalSection(ProjectConfigurationPlatforms) = postSolution
		{5DC8A201-DF2E-48B5-B3EF-D1EE1A4931AB}.Debug|Any CPU.ActiveCfg = Debug|Any CPU
		{5DC8A201-DF2E-48B5-B3EF-D1EE1A4931AB}.Release|Any CPU.ActiveCfg = Release|Any CPU
	EndGlobalSection
	GlobalSection(SolutionProperties) = preSolution
		HideSolutionNode = FALSE
	EndGlobalSection
	GlobalSection(ExtensibilityGlobals) = postSolution
		SolutionGuid = {2D33FEA8-8E6C-422D-ADFC-05C3AC001CC6}
	EndGlobalSection
EndGlobal
