
Microsoft Visual Studio Solution File, Format Version 12.00
# Visual Studio Version 17
VisualStudioVersion = 17.0.32112.339
MinimumVisualStudioVersion = 10.0.40219.1
Project("{888888A0-9F3D-457C-B088-3A5042F75D52}") = "Exc8", "Exc8.pyproj", "{D5DAF652-33B8-4E2C-9F5A-5259A6BB9F87}"
EndProject
Global
	GlobalSection(SolutionConfigurationPlatforms) = preSolution
		Debug|Any CPU = Debug|Any CPU
		Release|Any CPU = Release|Any CPU
	EndGlobalSection
	GlobalSection(ProjectConfigurationPlatforms) = postSolution
		{D5DAF652-33B8-4E2C-9F5A-5259A6BB9F87}.Debug|Any CPU.ActiveCfg = Debug|Any CPU
		{D5DAF652-33B8-4E2C-9F5A-5259A6BB9F87}.Release|Any CPU.ActiveCfg = Release|Any CPU
	EndGlobalSection
	GlobalSection(SolutionProperties) = preSolution
		HideSolutionNode = FALSE
	EndGlobalSection
	GlobalSection(ExtensibilityGlobals) = postSolution
		SolutionGuid = {EC0A1F40-BEAF-4461-BD29-C288241479D5}
	EndGlobalSection
EndGlobal
